
Microsoft Visual Studio Solution File, Format Version 12.00
# Visual Studio Version 17
VisualStudioVersion = 17.5.002.0
MinimumVisualStudioVersion = 10.0.40219.1
Project("{9A19103F-16F7-4668-BE54-9A1E7A4F7556}") = "LoggerTest", "LoggerTest.csproj", "{B6A5E7DE-C8BF-4B7A-8A23-8DBD7229B64A}"
EndProject
Global
	GlobalSection(SolutionConfigurationPlatforms) = preSolution
		Debug|Any CPU = Debug|Any CPU
		Release|Any CPU = Release|Any CPU
	EndGlobalSection
	GlobalSection(ProjectConfigurationPlatforms) = postSolution
		{B6A5E7DE-C8BF-4B7A-8A23-8DBD7229B64A}.Debug|Any CPU.ActiveCfg = Debug|Any CPU
		{B6A5E7DE-C8BF-4B7A-8A23-8DBD7229B64A}.Debug|Any CPU.Build.0 = Debug|Any CPU
		{B6A5E7DE-C8BF-4B7A-8A23-8DBD7229B64A}.Release|Any CPU.ActiveCfg = Release|Any CPU
		{B6A5E7DE-C8BF-4B7A-8A23-8DBD7229B64A}.Release|Any CPU.Build.0 = Release|Any CPU
	EndGlobalSection
	GlobalSection(SolutionProperties) = preSolution
		HideSolutionNode = FALSE
	EndGlobalSection
	GlobalSection(ExtensibilityGlobals) = postSolution
		SolutionGuid = {198952C2-3B76-4512-AC97-0094B570A13B}
	EndGlobalSection
EndGlobal
